// !$*UTF8*$!
{
	archiveVersion = 1;
	classes = {
	};
	objectVersion = 46;
	objects = {

/* Begin PBXBuildFile section */
		8A23009A1F1D555800F12265 /* themes.swift in Sources */ = {isa = PBXBuildFile; fileRef = 8A2300991F1D555800F12265 /* themes.swift */; };
		8A2B3B801F1D369000743DB4 /* AppDelegate.swift in Sources */ = {isa = PBXBuildFile; fileRef = 8A2B3B7F1F1D369000743DB4 /* AppDelegate.swift */; };
		8A2B3B821F1D369000743DB4 /* ViewController.swift in Sources */ = {isa = PBXBuildFile; fileRef = 8A2B3B811F1D369000743DB4 /* ViewController.swift */; };
		8A2B3B851F1D369000743DB4 /* Main.storyboard in Resources */ = {isa = PBXBuildFile; fileRef = 8A2B3B831F1D369000743DB4 /* Main.storyboard */; };
		8A2B3B871F1D369000743DB4 /* Assets.xcassets in Resources */ = {isa = PBXBuildFile; fileRef = 8A2B3B861F1D369000743DB4 /* Assets.xcassets */; };
		8A2B3B8A1F1D369000743DB4 /* LaunchScreen.storyboard in Resources */ = {isa = PBXBuildFile; fileRef = 8A2B3B881F1D369000743DB4 /* LaunchScreen.storyboard */; };
		8A642C4D1F204F70007078F4 /* welcomeScreen.storyboard in Resources */ = {isa = PBXBuildFile; fileRef = 8A642C4C1F204F70007078F4 /* welcomeScreen.storyboard */; };
		8A706F5B1F1F15230014CB0A /* home.storyboard in Resources */ = {isa = PBXBuildFile; fileRef = 8A706F5A1F1F15230014CB0A /* home.storyboard */; };
		8A706F5D1F1F15420014CB0A /* homeViewController.swift in Sources */ = {isa = PBXBuildFile; fileRef = 8A706F5C1F1F15420014CB0A /* homeViewController.swift */; };
		8A706F5F1F1F163F0014CB0A /* welcomeScreenViewController.swift in Sources */ = {isa = PBXBuildFile; fileRef = 8A706F5E1F1F163F0014CB0A /* welcomeScreenViewController.swift */; };
		8ABD2FDA1F1EF0AE0018DD96 /* newHabitScreenDraft.storyboard in Resources */ = {isa = PBXBuildFile; fileRef = 8ABD2FD91F1EF0AE0018DD96 /* newHabitScreenDraft.storyboard */; };
		8ABD2FE01F1EFFFE0018DD96 /* newHabitScreenViewController.swift in Sources */ = {isa = PBXBuildFile; fileRef = 8ABD2FDD1F1EFFFE0018DD96 /* newHabitScreenViewController.swift */; };
		8ABD2FE11F1EFFFE0018DD96 /* SettingsPage.storyboard in Resources */ = {isa = PBXBuildFile; fileRef = 8ABD2FDE1F1EFFFE0018DD96 /* SettingsPage.storyboard */; };
		8ABD2FE21F1EFFFE0018DD96 /* SettingsPageViewController.swift in Sources */ = {isa = PBXBuildFile; fileRef = 8ABD2FDF1F1EFFFE0018DD96 /* SettingsPageViewController.swift */; };
		8ABD2FE71F1F10180018DD96 /* settings+appearanceScreen.storyboard in Resources */ = {isa = PBXBuildFile; fileRef = 8ABD2FE51F1F10180018DD96 /* settings+appearanceScreen.storyboard */; };
		8ABD2FE81F1F10180018DD96 /* settings+AppearanceViewController.swift in Sources */ = {isa = PBXBuildFile; fileRef = 8ABD2FE61F1F10180018DD96 /* settings+AppearanceViewController.swift */; };
		8ACDC09A1F21BC5E007A24A4 /* AccessibleMessage.swift in Sources */ = {isa = PBXBuildFile; fileRef = 8ACDC07A1F21BC5E007A24A4 /* AccessibleMessage.swift */; };
		8ACDC09B1F21BC5E007A24A4 /* Animator.swift in Sources */ = {isa = PBXBuildFile; fileRef = 8ACDC07B1F21BC5E007A24A4 /* Animator.swift */; };
		8ACDC09C1F21BC5E007A24A4 /* Array+Utils.swift in Sources */ = {isa = PBXBuildFile; fileRef = 8ACDC07C1F21BC5E007A24A4 /* Array+Utils.swift */; };
		8ACDC09D1F21BC5E007A24A4 /* BackgroundViewable.swift in Sources */ = {isa = PBXBuildFile; fileRef = 8ACDC07D1F21BC5E007A24A4 /* BackgroundViewable.swift */; };
		8ACDC09E1F21BC5E007A24A4 /* BaseView.swift in Sources */ = {isa = PBXBuildFile; fileRef = 8ACDC07E1F21BC5E007A24A4 /* BaseView.swift */; };
		8ACDC09F1F21BC5E007A24A4 /* CenterAnimation.swift in Sources */ = {isa = PBXBuildFile; fileRef = 8ACDC07F1F21BC5E007A24A4 /* CenterAnimation.swift */; };
		8ACDC0A01F21BC5E007A24A4 /* Error.swift in Sources */ = {isa = PBXBuildFile; fileRef = 8ACDC0801F21BC5E007A24A4 /* Error.swift */; };
		8ACDC0A11F21BC5E007A24A4 /* Identifiable.swift in Sources */ = {isa = PBXBuildFile; fileRef = 8ACDC0811F21BC5E007A24A4 /* Identifiable.swift */; };
		8ACDC0A21F21BC5E007A24A4 /* Info.plist in Resources */ = {isa = PBXBuildFile; fileRef = 8ACDC0821F21BC5E007A24A4 /* Info.plist */; };
		8ACDC0A31F21BC5E007A24A4 /* MarginAdjustable.swift in Sources */ = {isa = PBXBuildFile; fileRef = 8ACDC0831F21BC5E007A24A4 /* MarginAdjustable.swift */; };
		8ACDC0A41F21BC5E007A24A4 /* MaskingView.swift in Sources */ = {isa = PBXBuildFile; fileRef = 8ACDC0841F21BC5E007A24A4 /* MaskingView.swift */; };
		8ACDC0A51F21BC5E007A24A4 /* MessageView.swift in Sources */ = {isa = PBXBuildFile; fileRef = 8ACDC0851F21BC5E007A24A4 /* MessageView.swift */; };
		8ACDC0A61F21BC5E007A24A4 /* NSBundle+Utils.swift in Sources */ = {isa = PBXBuildFile; fileRef = 8ACDC0861F21BC5E007A24A4 /* NSBundle+Utils.swift */; };
		8ACDC0A71F21BC5E007A24A4 /* PassthroughView.swift in Sources */ = {isa = PBXBuildFile; fileRef = 8ACDC0871F21BC5E007A24A4 /* PassthroughView.swift */; };
		8ACDC0A81F21BC5E007A24A4 /* PassthroughWindow.swift in Sources */ = {isa = PBXBuildFile; fileRef = 8ACDC0881F21BC5E007A24A4 /* PassthroughWindow.swift */; };
		8ACDC0A91F21BC5E007A24A4 /* PhysicsPanHandler.swift in Sources */ = {isa = PBXBuildFile; fileRef = 8ACDC0891F21BC5E007A24A4 /* PhysicsPanHandler.swift */; };
		8ACDC0AA1F21BC5E007A24A4 /* Presenter.swift in Sources */ = {isa = PBXBuildFile; fileRef = 8ACDC08A1F21BC5E007A24A4 /* Presenter.swift */; };
		8ACDC0AB1F21BC5E007A24A4 /* CardView.xib in Resources */ = {isa = PBXBuildFile; fileRef = 8ACDC08C1F21BC5E007A24A4 /* CardView.xib */; };
		8ACDC0AC1F21BC5E007A24A4 /* CenteredView.xib in Resources */ = {isa = PBXBuildFile; fileRef = 8ACDC08D1F21BC5E007A24A4 /* CenteredView.xib */; };
		8ACDC0AD1F21BC5E007A24A4 /* Images.xcassets in Resources */ = {isa = PBXBuildFile; fileRef = 8ACDC08E1F21BC5E007A24A4 /* Images.xcassets */; };
		8ACDC0AE1F21BC5E007A24A4 /* MessageView.xib in Resources */ = {isa = PBXBuildFile; fileRef = 8ACDC08F1F21BC5E007A24A4 /* MessageView.xib */; };
		8ACDC0AF1F21BC5E007A24A4 /* MessageViewIOS8.xib in Resources */ = {isa = PBXBuildFile; fileRef = 8ACDC0901F21BC5E007A24A4 /* MessageViewIOS8.xib */; };
		8ACDC0B01F21BC5E007A24A4 /* StatusLine.xib in Resources */ = {isa = PBXBuildFile; fileRef = 8ACDC0911F21BC5E007A24A4 /* StatusLine.xib */; };
		8ACDC0B11F21BC5E007A24A4 /* TabView.xib in Resources */ = {isa = PBXBuildFile; fileRef = 8ACDC0921F21BC5E007A24A4 /* TabView.xib */; };
		8ACDC0B21F21BC5E007A24A4 /* SwiftMessages.swift in Sources */ = {isa = PBXBuildFile; fileRef = 8ACDC0941F21BC5E007A24A4 /* SwiftMessages.swift */; };
		8ACDC0B31F21BC5E007A24A4 /* Theme.swift in Sources */ = {isa = PBXBuildFile; fileRef = 8ACDC0951F21BC5E007A24A4 /* Theme.swift */; };
		8ACDC0B41F21BC5E007A24A4 /* TopBottomAnimation.swift in Sources */ = {isa = PBXBuildFile; fileRef = 8ACDC0961F21BC5E007A24A4 /* TopBottomAnimation.swift */; };
		8ACDC0B51F21BC5E007A24A4 /* UIViewController+Utils.swift in Sources */ = {isa = PBXBuildFile; fileRef = 8ACDC0971F21BC5E007A24A4 /* UIViewController+Utils.swift */; };
		8ACDC0B61F21BC5E007A24A4 /* Weak.swift in Sources */ = {isa = PBXBuildFile; fileRef = 8ACDC0981F21BC5E007A24A4 /* Weak.swift */; };
		8ACDC0B71F21BC5E007A24A4 /* WindowViewController.swift in Sources */ = {isa = PBXBuildFile; fileRef = 8ACDC0991F21BC5E007A24A4 /* WindowViewController.swift */; };
		8ACDC0BA1F21BD9C007A24A4 /* aboutTheDev.storyboard in Resources */ = {isa = PBXBuildFile; fileRef = 8ACDC0B81F21BD9C007A24A4 /* aboutTheDev.storyboard */; };
		8ACDC0BB1F21BD9C007A24A4 /* aboutTheDevViewController.swift in Sources */ = {isa = PBXBuildFile; fileRef = 8ACDC0B91F21BD9C007A24A4 /* aboutTheDevViewController.swift */; };
		ECE62FEA54C3C052010FBEAB /* Pods_tryingcocoa.framework in Frameworks */ = {isa = PBXBuildFile; fileRef = 05180DF26858ADD1F64C3FF6 /* Pods_tryingcocoa.framework */; };
/* End PBXBuildFile section */

/* Begin PBXFileReference section */
		05180DF26858ADD1F64C3FF6 /* Pods_tryingcocoa.framework */ = {isa = PBXFileReference; explicitFileType = wrapper.framework; includeInIndex = 0; path = Pods_tryingcocoa.framework; sourceTree = BUILT_PRODUCTS_DIR; };
		8A2300991F1D555800F12265 /* themes.swift */ = {isa = PBXFileReference; fileEncoding = 4; lastKnownFileType = sourcecode.swift; path = themes.swift; sourceTree = "<group>"; };
		8A2B3B7C1F1D369000743DB4 /* tryingcocoa.app */ = {isa = PBXFileReference; explicitFileType = wrapper.application; includeInIndex = 0; path = tryingcocoa.app; sourceTree = BUILT_PRODUCTS_DIR; };
		8A2B3B7F1F1D369000743DB4 /* AppDelegate.swift */ = {isa = PBXFileReference; lastKnownFileType = sourcecode.swift; path = AppDelegate.swift; sourceTree = "<group>"; };
		8A2B3B811F1D369000743DB4 /* ViewController.swift */ = {isa = PBXFileReference; lastKnownFileType = sourcecode.swift; path = ViewController.swift; sourceTree = "<group>"; };
		8A2B3B841F1D369000743DB4 /* Base */ = {isa = PBXFileReference; lastKnownFileType = file.storyboard; name = Base; path = Base.lproj/Main.storyboard; sourceTree = "<group>"; };
		8A2B3B861F1D369000743DB4 /* Assets.xcassets */ = {isa = PBXFileReference; lastKnownFileType = folder.assetcatalog; path = Assets.xcassets; sourceTree = "<group>"; };
		8A2B3B891F1D369000743DB4 /* Base */ = {isa = PBXFileReference; lastKnownFileType = file.storyboard; name = Base; path = Base.lproj/LaunchScreen.storyboard; sourceTree = "<group>"; };
		8A2B3B8B1F1D369000743DB4 /* Info.plist */ = {isa = PBXFileReference; lastKnownFileType = text.plist.xml; path = Info.plist; sourceTree = "<group>"; };
		8A642C4C1F204F70007078F4 /* welcomeScreen.storyboard */ = {isa = PBXFileReference; fileEncoding = 4; lastKnownFileType = file.storyboard; path = welcomeScreen.storyboard; sourceTree = "<group>"; };
		8A706F5A1F1F15230014CB0A /* home.storyboard */ = {isa = PBXFileReference; fileEncoding = 4; lastKnownFileType = file.storyboard; path = home.storyboard; sourceTree = "<group>"; };
		8A706F5C1F1F15420014CB0A /* homeViewController.swift */ = {isa = PBXFileReference; fileEncoding = 4; lastKnownFileType = sourcecode.swift; path = homeViewController.swift; sourceTree = "<group>"; };
		8A706F5E1F1F163F0014CB0A /* welcomeScreenViewController.swift */ = {isa = PBXFileReference; fileEncoding = 4; lastKnownFileType = sourcecode.swift; name = welcomeScreenViewController.swift; path = ../welcomeScreenViewController.swift; sourceTree = "<group>"; };
		8ABD2FD91F1EF0AE0018DD96 /* newHabitScreenDraft.storyboard */ = {isa = PBXFileReference; fileEncoding = 4; lastKnownFileType = file.storyboard; name = newHabitScreenDraft.storyboard; path = ../newHabitScreenDraft.storyboard; sourceTree = "<group>"; };
		8ABD2FDD1F1EFFFE0018DD96 /* newHabitScreenViewController.swift */ = {isa = PBXFileReference; fileEncoding = 4; lastKnownFileType = sourcecode.swift; name = newHabitScreenViewController.swift; path = ../newHabitScreenViewController.swift; sourceTree = "<group>"; };
		8ABD2FDE1F1EFFFE0018DD96 /* SettingsPage.storyboard */ = {isa = PBXFileReference; fileEncoding = 4; lastKnownFileType = file.storyboard; name = SettingsPage.storyboard; path = ../SettingsPage.storyboard; sourceTree = "<group>"; };
		8ABD2FDF1F1EFFFE0018DD96 /* SettingsPageViewController.swift */ = {isa = PBXFileReference; fileEncoding = 4; lastKnownFileType = sourcecode.swift; name = SettingsPageViewController.swift; path = ../SettingsPageViewController.swift; sourceTree = "<group>"; };
		8ABD2FE51F1F10180018DD96 /* settings+appearanceScreen.storyboard */ = {isa = PBXFileReference; fileEncoding = 4; lastKnownFileType = file.storyboard; path = "settings+appearanceScreen.storyboard"; sourceTree = "<group>"; };
		8ABD2FE61F1F10180018DD96 /* settings+AppearanceViewController.swift */ = {isa = PBXFileReference; fileEncoding = 4; lastKnownFileType = sourcecode.swift; path = "settings+AppearanceViewController.swift"; sourceTree = "<group>"; };
		8ACDC07A1F21BC5E007A24A4 /* AccessibleMessage.swift */ = {isa = PBXFileReference; fileEncoding = 4; lastKnownFileType = sourcecode.swift; path = AccessibleMessage.swift; sourceTree = "<group>"; };
		8ACDC07B1F21BC5E007A24A4 /* Animator.swift */ = {isa = PBXFileReference; fileEncoding = 4; lastKnownFileType = sourcecode.swift; path = Animator.swift; sourceTree = "<group>"; };
		8ACDC07C1F21BC5E007A24A4 /* Array+Utils.swift */ = {isa = PBXFileReference; fileEncoding = 4; lastKnownFileType = sourcecode.swift; path = "Array+Utils.swift"; sourceTree = "<group>"; };
		8ACDC07D1F21BC5E007A24A4 /* BackgroundViewable.swift */ = {isa = PBXFileReference; fileEncoding = 4; lastKnownFileType = sourcecode.swift; path = BackgroundViewable.swift; sourceTree = "<group>"; };
		8ACDC07E1F21BC5E007A24A4 /* BaseView.swift */ = {isa = PBXFileReference; fileEncoding = 4; lastKnownFileType = sourcecode.swift; path = BaseView.swift; sourceTree = "<group>"; };
		8ACDC07F1F21BC5E007A24A4 /* CenterAnimation.swift */ = {isa = PBXFileReference; fileEncoding = 4; lastKnownFileType = sourcecode.swift; path = CenterAnimation.swift; sourceTree = "<group>"; };
		8ACDC0801F21BC5E007A24A4 /* Error.swift */ = {isa = PBXFileReference; fileEncoding = 4; lastKnownFileType = sourcecode.swift; path = Error.swift; sourceTree = "<group>"; };
		8ACDC0811F21BC5E007A24A4 /* Identifiable.swift */ = {isa = PBXFileReference; fileEncoding = 4; lastKnownFileType = sourcecode.swift; path = Identifiable.swift; sourceTree = "<group>"; };
		8ACDC0821F21BC5E007A24A4 /* Info.plist */ = {isa = PBXFileReference; fileEncoding = 4; lastKnownFileType = text.plist.xml; path = Info.plist; sourceTree = "<group>"; };
		8ACDC0831F21BC5E007A24A4 /* MarginAdjustable.swift */ = {isa = PBXFileReference; fileEncoding = 4; lastKnownFileType = sourcecode.swift; path = MarginAdjustable.swift; sourceTree = "<group>"; };
		8ACDC0841F21BC5E007A24A4 /* MaskingView.swift */ = {isa = PBXFileReference; fileEncoding = 4; lastKnownFileType = sourcecode.swift; path = MaskingView.swift; sourceTree = "<group>"; };
		8ACDC0851F21BC5E007A24A4 /* MessageView.swift */ = {isa = PBXFileReference; fileEncoding = 4; lastKnownFileType = sourcecode.swift; path = MessageView.swift; sourceTree = "<group>"; };
		8ACDC0861F21BC5E007A24A4 /* NSBundle+Utils.swift */ = {isa = PBXFileReference; fileEncoding = 4; lastKnownFileType = sourcecode.swift; path = "NSBundle+Utils.swift"; sourceTree = "<group>"; };
		8ACDC0871F21BC5E007A24A4 /* PassthroughView.swift */ = {isa = PBXFileReference; fileEncoding = 4; lastKnownFileType = sourcecode.swift; path = PassthroughView.swift; sourceTree = "<group>"; };
		8ACDC0881F21BC5E007A24A4 /* PassthroughWindow.swift */ = {isa = PBXFileReference; fileEncoding = 4; lastKnownFileType = sourcecode.swift; path = PassthroughWindow.swift; sourceTree = "<group>"; };
		8ACDC0891F21BC5E007A24A4 /* PhysicsPanHandler.swift */ = {isa = PBXFileReference; fileEncoding = 4; lastKnownFileType = sourcecode.swift; path = PhysicsPanHandler.swift; sourceTree = "<group>"; };
		8ACDC08A1F21BC5E007A24A4 /* Presenter.swift */ = {isa = PBXFileReference; fileEncoding = 4; lastKnownFileType = sourcecode.swift; path = Presenter.swift; sourceTree = "<group>"; };
		8ACDC08C1F21BC5E007A24A4 /* CardView.xib */ = {isa = PBXFileReference; fileEncoding = 4; lastKnownFileType = file.xib; path = CardView.xib; sourceTree = "<group>"; };
		8ACDC08D1F21BC5E007A24A4 /* CenteredView.xib */ = {isa = PBXFileReference; fileEncoding = 4; lastKnownFileType = file.xib; path = CenteredView.xib; sourceTree = "<group>"; };
		8ACDC08E1F21BC5E007A24A4 /* Images.xcassets */ = {isa = PBXFileReference; lastKnownFileType = folder.assetcatalog; path = Images.xcassets; sourceTree = "<group>"; };
		8ACDC08F1F21BC5E007A24A4 /* MessageView.xib */ = {isa = PBXFileReference; fileEncoding = 4; lastKnownFileType = file.xib; path = MessageView.xib; sourceTree = "<group>"; };
		8ACDC0901F21BC5E007A24A4 /* MessageViewIOS8.xib */ = {isa = PBXFileReference; fileEncoding = 4; lastKnownFileType = file.xib; path = MessageViewIOS8.xib; sourceTree = "<group>"; };
		8ACDC0911F21BC5E007A24A4 /* StatusLine.xib */ = {isa = PBXFileReference; fileEncoding = 4; lastKnownFileType = file.xib; path = StatusLine.xib; sourceTree = "<group>"; };
		8ACDC0921F21BC5E007A24A4 /* TabView.xib */ = {isa = PBXFileReference; fileEncoding = 4; lastKnownFileType = file.xib; path = TabView.xib; sourceTree = "<group>"; };
		8ACDC0931F21BC5E007A24A4 /* SwiftMessages.h */ = {isa = PBXFileReference; fileEncoding = 4; lastKnownFileType = sourcecode.c.h; path = SwiftMessages.h; sourceTree = "<group>"; };
		8ACDC0941F21BC5E007A24A4 /* SwiftMessages.swift */ = {isa = PBXFileReference; fileEncoding = 4; lastKnownFileType = sourcecode.swift; path = SwiftMessages.swift; sourceTree = "<group>"; };
		8ACDC0951F21BC5E007A24A4 /* Theme.swift */ = {isa = PBXFileReference; fileEncoding = 4; lastKnownFileType = sourcecode.swift; path = Theme.swift; sourceTree = "<group>"; };
		8ACDC0961F21BC5E007A24A4 /* TopBottomAnimation.swift */ = {isa = PBXFileReference; fileEncoding = 4; lastKnownFileType = sourcecode.swift; path = TopBottomAnimation.swift; sourceTree = "<group>"; };
		8ACDC0971F21BC5E007A24A4 /* UIViewController+Utils.swift */ = {isa = PBXFileReference; fileEncoding = 4; lastKnownFileType = sourcecode.swift; path = "UIViewController+Utils.swift"; sourceTree = "<group>"; };
		8ACDC0981F21BC5E007A24A4 /* Weak.swift */ = {isa = PBXFileReference; fileEncoding = 4; lastKnownFileType = sourcecode.swift; path = Weak.swift; sourceTree = "<group>"; };
		8ACDC0991F21BC5E007A24A4 /* WindowViewController.swift */ = {isa = PBXFileReference; fileEncoding = 4; lastKnownFileType = sourcecode.swift; path = WindowViewController.swift; sourceTree = "<group>"; };
		8ACDC0B81F21BD9C007A24A4 /* aboutTheDev.storyboard */ = {isa = PBXFileReference; fileEncoding = 4; lastKnownFileType = file.storyboard; path = aboutTheDev.storyboard; sourceTree = "<group>"; };
		8ACDC0B91F21BD9C007A24A4 /* aboutTheDevViewController.swift */ = {isa = PBXFileReference; fileEncoding = 4; lastKnownFileType = sourcecode.swift; path = aboutTheDevViewController.swift; sourceTree = "<group>"; };
		97BBAD6277FA39A7447170B6 /* Pods-tryingcocoa.debug.xcconfig */ = {isa = PBXFileReference; includeInIndex = 1; lastKnownFileType = text.xcconfig; name = "Pods-tryingcocoa.debug.xcconfig"; path = "Pods/Target Support Files/Pods-tryingcocoa/Pods-tryingcocoa.debug.xcconfig"; sourceTree = "<group>"; };
		FBA31F7627CF71BCB793645B /* Pods-tryingcocoa.release.xcconfig */ = {isa = PBXFileReference; includeInIndex = 1; lastKnownFileType = text.xcconfig; name = "Pods-tryingcocoa.release.xcconfig"; path = "Pods/Target Support Files/Pods-tryingcocoa/Pods-tryingcocoa.release.xcconfig"; sourceTree = "<group>"; };
/* End PBXFileReference section */

/* Begin PBXFrameworksBuildPhase section */
		8A2B3B791F1D369000743DB4 /* Frameworks */ = {
			isa = PBXFrameworksBuildPhase;
			buildActionMask = 2147483647;
			files = (
				ECE62FEA54C3C052010FBEAB /* Pods_tryingcocoa.framework in Frameworks */,
			);
			runOnlyForDeploymentPostprocessing = 0;
		};
/* End PBXFrameworksBuildPhase section */

/* Begin PBXGroup section */
		1E56355D289A04B149DF69D1 /* Pods */ = {
			isa = PBXGroup;
			children = (
				97BBAD6277FA39A7447170B6 /* Pods-tryingcocoa.debug.xcconfig */,
				FBA31F7627CF71BCB793645B /* Pods-tryingcocoa.release.xcconfig */,
			);
			name = Pods;
			sourceTree = "<group>";
		};
		8A2B3B731F1D368F00743DB4 = {
			isa = PBXGroup;
			children = (
				8A2B3B7E1F1D369000743DB4 /* tryingcocoa */,
				8A2B3B7D1F1D369000743DB4 /* Products */,
				1E56355D289A04B149DF69D1 /* Pods */,
				A1AB78306BFD9244F9FBBDA3 /* Frameworks */,
			);
			sourceTree = "<group>";
		};
		8A2B3B7D1F1D369000743DB4 /* Products */ = {
			isa = PBXGroup;
			children = (
				8A2B3B7C1F1D369000743DB4 /* tryingcocoa.app */,
			);
			name = Products;
			sourceTree = "<group>";
		};
		8A2B3B7E1F1D369000743DB4 /* tryingcocoa */ = {
			isa = PBXGroup;
			children = (
				8ACDC0B81F21BD9C007A24A4 /* aboutTheDev.storyboard */,
				8ACDC0B91F21BD9C007A24A4 /* aboutTheDevViewController.swift */,
				8ACDC0791F21BC5E007A24A4 /* SwiftMessages */,
				8A706F5E1F1F163F0014CB0A /* welcomeScreenViewController.swift */,
				8ABE78C01F216A7000075C6A /* SwiftMessages */,
				8ABD2FDD1F1EFFFE0018DD96 /* newHabitScreenViewController.swift */,
				8ABD2FD91F1EF0AE0018DD96 /* newHabitScreenDraft.storyboard */,
				8A642C4C1F204F70007078F4 /* welcomeScreen.storyboard */,
				8A8A991E1F2162E2007E8BA1 /* Settings */,
				8A2B3B7F1F1D369000743DB4 /* AppDelegate.swift */,
				8A706F5A1F1F15230014CB0A /* home.storyboard */,
				8A706F5C1F1F15420014CB0A /* homeViewController.swift */,
				8A2B3B811F1D369000743DB4 /* ViewController.swift */,
				8A2B3B831F1D369000743DB4 /* Main.storyboard */,
				8A2B3B861F1D369000743DB4 /* Assets.xcassets */,
				8A2B3B881F1D369000743DB4 /* LaunchScreen.storyboard */,
				8A2B3B8B1F1D369000743DB4 /* Info.plist */,
			);
			path = tryingcocoa;
			sourceTree = "<group>";
		};
		8A8A991E1F2162E2007E8BA1 /* Settings */ = {
			isa = PBXGroup;
			children = (
				8ABD2FDE1F1EFFFE0018DD96 /* SettingsPage.storyboard */,
				8ABD2FDF1F1EFFFE0018DD96 /* SettingsPageViewController.swift */,
				8ABD2FE51F1F10180018DD96 /* settings+appearanceScreen.storyboard */,
				8ABD2FE61F1F10180018DD96 /* settings+AppearanceViewController.swift */,
				8A2300991F1D555800F12265 /* themes.swift */,
			);
			name = Settings;
			sourceTree = "<group>";
		};
		8ABE78C01F216A7000075C6A /* SwiftMessages */ = {
			isa = PBXGroup;
			children = (
			);
			name = SwiftMessages;
			sourceTree = "<group>";
		};
		8ACDC0791F21BC5E007A24A4 /* SwiftMessages */ = {
			isa = PBXGroup;
			children = (
				8ACDC07A1F21BC5E007A24A4 /* AccessibleMessage.swift */,
				8ACDC07B1F21BC5E007A24A4 /* Animator.swift */,
				8ACDC07C1F21BC5E007A24A4 /* Array+Utils.swift */,
				8ACDC07D1F21BC5E007A24A4 /* BackgroundViewable.swift */,
				8ACDC07E1F21BC5E007A24A4 /* BaseView.swift */,
				8ACDC07F1F21BC5E007A24A4 /* CenterAnimation.swift */,
				8ACDC0801F21BC5E007A24A4 /* Error.swift */,
				8ACDC0811F21BC5E007A24A4 /* Identifiable.swift */,
				8ACDC0821F21BC5E007A24A4 /* Info.plist */,
				8ACDC0831F21BC5E007A24A4 /* MarginAdjustable.swift */,
				8ACDC0841F21BC5E007A24A4 /* MaskingView.swift */,
				8ACDC0851F21BC5E007A24A4 /* MessageView.swift */,
				8ACDC0861F21BC5E007A24A4 /* NSBundle+Utils.swift */,
				8ACDC0871F21BC5E007A24A4 /* PassthroughView.swift */,
				8ACDC0881F21BC5E007A24A4 /* PassthroughWindow.swift */,
				8ACDC0891F21BC5E007A24A4 /* PhysicsPanHandler.swift */,
				8ACDC08A1F21BC5E007A24A4 /* Presenter.swift */,
				8ACDC08B1F21BC5E007A24A4 /* Resources */,
				8ACDC0931F21BC5E007A24A4 /* SwiftMessages.h */,
				8ACDC0941F21BC5E007A24A4 /* SwiftMessages.swift */,
				8ACDC0951F21BC5E007A24A4 /* Theme.swift */,
				8ACDC0961F21BC5E007A24A4 /* TopBottomAnimation.swift */,
				8ACDC0971F21BC5E007A24A4 /* UIViewController+Utils.swift */,
				8ACDC0981F21BC5E007A24A4 /* Weak.swift */,
				8ACDC0991F21BC5E007A24A4 /* WindowViewController.swift */,
			);
			path = SwiftMessages;
			sourceTree = "<group>";
		};
		8ACDC08B1F21BC5E007A24A4 /* Resources */ = {
			isa = PBXGroup;
			children = (
				8ACDC08C1F21BC5E007A24A4 /* CardView.xib */,
				8ACDC08D1F21BC5E007A24A4 /* CenteredView.xib */,
				8ACDC08E1F21BC5E007A24A4 /* Images.xcassets */,
				8ACDC08F1F21BC5E007A24A4 /* MessageView.xib */,
				8ACDC0901F21BC5E007A24A4 /* MessageViewIOS8.xib */,
				8ACDC0911F21BC5E007A24A4 /* StatusLine.xib */,
				8ACDC0921F21BC5E007A24A4 /* TabView.xib */,
			);
			path = Resources;
			sourceTree = "<group>";
		};
		A1AB78306BFD9244F9FBBDA3 /* Frameworks */ = {
			isa = PBXGroup;
			children = (
				05180DF26858ADD1F64C3FF6 /* Pods_tryingcocoa.framework */,
			);
			name = Frameworks;
			sourceTree = "<group>";
		};
/* End PBXGroup section */

/* Begin PBXNativeTarget section */
		8A2B3B7B1F1D369000743DB4 /* tryingcocoa */ = {
			isa = PBXNativeTarget;
			buildConfigurationList = 8A2B3B8E1F1D369000743DB4 /* Build configuration list for PBXNativeTarget "tryingcocoa" */;
			buildPhases = (
				F2DA78370A38862382720E10 /* [CP] Check Pods Manifest.lock */,
				8A2B3B781F1D369000743DB4 /* Sources */,
				8A2B3B791F1D369000743DB4 /* Frameworks */,
				8A2B3B7A1F1D369000743DB4 /* Resources */,
				353F626AAEE33EEC60CC1E30 /* [CP] Embed Pods Frameworks */,
				D1954897DFFF1BAA9A37D7AF /* [CP] Copy Pods Resources */,
			);
			buildRules = (
			);
			dependencies = (
			);
			name = tryingcocoa;
			productName = tryingcocoa;
			productReference = 8A2B3B7C1F1D369000743DB4 /* tryingcocoa.app */;
			productType = "com.apple.product-type.application";
		};
/* End PBXNativeTarget section */

/* Begin PBXProject section */
		8A2B3B741F1D368F00743DB4 /* Project object */ = {
			isa = PBXProject;
			attributes = {
				LastSwiftUpdateCheck = 0830;
				LastUpgradeCheck = 0830;
				ORGANIZATIONNAME = person;
				TargetAttributes = {
					8A2B3B7B1F1D369000743DB4 = {
						CreatedOnToolsVersion = 8.3.3;
						ProvisioningStyle = Automatic;
					};
				};
			};
			buildConfigurationList = 8A2B3B771F1D368F00743DB4 /* Build configuration list for PBXProject "tryingcocoa" */;
			compatibilityVersion = "Xcode 3.2";
			developmentRegion = English;
			hasScannedForEncodings = 0;
			knownRegions = (
				en,
				Base,
			);
			mainGroup = 8A2B3B731F1D368F00743DB4;
			productRefGroup = 8A2B3B7D1F1D369000743DB4 /* Products */;
			projectDirPath = "";
			projectRoot = "";
			targets = (
				8A2B3B7B1F1D369000743DB4 /* tryingcocoa */,
			);
		};
/* End PBXProject section */

/* Begin PBXResourcesBuildPhase section */
		8A2B3B7A1F1D369000743DB4 /* Resources */ = {
			isa = PBXResourcesBuildPhase;
			buildActionMask = 2147483647;
			files = (
				8ABD2FDA1F1EF0AE0018DD96 /* newHabitScreenDraft.storyboard in Resources */,
				8A706F5B1F1F15230014CB0A /* home.storyboard in Resources */,
				8ACDC0AD1F21BC5E007A24A4 /* Images.xcassets in Resources */,
				8ACDC0BA1F21BD9C007A24A4 /* aboutTheDev.storyboard in Resources */,
				8ACDC0AE1F21BC5E007A24A4 /* MessageView.xib in Resources */,
				8ACDC0AF1F21BC5E007A24A4 /* MessageViewIOS8.xib in Resources */,
				8A2B3B8A1F1D369000743DB4 /* LaunchScreen.storyboard in Resources */,
				8A642C4D1F204F70007078F4 /* welcomeScreen.storyboard in Resources */,
				8ABD2FE11F1EFFFE0018DD96 /* SettingsPage.storyboard in Resources */,
				8ACDC0AC1F21BC5E007A24A4 /* CenteredView.xib in Resources */,
				8ACDC0B11F21BC5E007A24A4 /* TabView.xib in Resources */,
				8A2B3B871F1D369000743DB4 /* Assets.xcassets in Resources */,
				8ACDC0B01F21BC5E007A24A4 /* StatusLine.xib in Resources */,
				8ACDC0AB1F21BC5E007A24A4 /* CardView.xib in Resources */,
				8A2B3B851F1D369000743DB4 /* Main.storyboard in Resources */,
				8ACDC0A21F21BC5E007A24A4 /* Info.plist in Resources */,
				8ABD2FE71F1F10180018DD96 /* settings+appearanceScreen.storyboard in Resources */,
			);
			runOnlyForDeploymentPostprocessing = 0;
		};
/* End PBXResourcesBuildPhase section */

/* Begin PBXShellScriptBuildPhase section */
		353F626AAEE33EEC60CC1E30 /* [CP] Embed Pods Frameworks */ = {
			isa = PBXShellScriptBuildPhase;
			buildActionMask = 2147483647;
			files = (
			);
			inputPaths = (
			);
			name = "[CP] Embed Pods Frameworks";
			outputPaths = (
			);
			runOnlyForDeploymentPostprocessing = 0;
			shellPath = /bin/sh;
			shellScript = "\"${SRCROOT}/Pods/Target Support Files/Pods-tryingcocoa/Pods-tryingcocoa-frameworks.sh\"\n";
			showEnvVarsInLog = 0;
		};
		D1954897DFFF1BAA9A37D7AF /* [CP] Copy Pods Resources */ = {
			isa = PBXShellScriptBuildPhase;
			buildActionMask = 2147483647;
			files = (
			);
			inputPaths = (
			);
			name = "[CP] Copy Pods Resources";
			outputPaths = (
			);
			runOnlyForDeploymentPostprocessing = 0;
			shellPath = /bin/sh;
			shellScript = "\"${SRCROOT}/Pods/Target Support Files/Pods-tryingcocoa/Pods-tryingcocoa-resources.sh\"\n";
			showEnvVarsInLog = 0;
		};
		F2DA78370A38862382720E10 /* [CP] Check Pods Manifest.lock */ = {
			isa = PBXShellScriptBuildPhase;
			buildActionMask = 2147483647;
			files = (
			);
			inputPaths = (
			);
			name = "[CP] Check Pods Manifest.lock";
			outputPaths = (
			);
			runOnlyForDeploymentPostprocessing = 0;
			shellPath = /bin/sh;
			shellScript = "diff \"${PODS_PODFILE_DIR_PATH}/Podfile.lock\" \"${PODS_ROOT}/Manifest.lock\" > /dev/null\nif [ $? != 0 ] ; then\n    # print error to STDERR\n    echo \"error: The sandbox is not in sync with the Podfile.lock. Run 'pod install' or update your CocoaPods installation.\" >&2\n    exit 1\nfi\n";
			showEnvVarsInLog = 0;
		};
/* End PBXShellScriptBuildPhase section */

/* Begin PBXSourcesBuildPhase section */
		8A2B3B781F1D369000743DB4 /* Sources */ = {
			isa = PBXSourcesBuildPhase;
			buildActionMask = 2147483647;
			files = (
				8ACDC0A31F21BC5E007A24A4 /* MarginAdjustable.swift in Sources */,
				8ACDC09B1F21BC5E007A24A4 /* Animator.swift in Sources */,
				8ACDC0A81F21BC5E007A24A4 /* PassthroughWindow.swift in Sources */,
				8ACDC09F1F21BC5E007A24A4 /* CenterAnimation.swift in Sources */,
				8ACDC0B21F21BC5E007A24A4 /* SwiftMessages.swift in Sources */,
				8A706F5D1F1F15420014CB0A /* homeViewController.swift in Sources */,
				8ACDC09D1F21BC5E007A24A4 /* BackgroundViewable.swift in Sources */,
				8ACDC0A41F21BC5E007A24A4 /* MaskingView.swift in Sources */,
				8ABD2FE21F1EFFFE0018DD96 /* SettingsPageViewController.swift in Sources */,
				8A2B3B821F1D369000743DB4 /* ViewController.swift in Sources */,
				8ACDC09C1F21BC5E007A24A4 /* Array+Utils.swift in Sources */,
				8ACDC0AA1F21BC5E007A24A4 /* Presenter.swift in Sources */,
				8ACDC0B71F21BC5E007A24A4 /* WindowViewController.swift in Sources */,
				8ACDC0B41F21BC5E007A24A4 /* TopBottomAnimation.swift in Sources */,
				8ACDC0A71F21BC5E007A24A4 /* PassthroughView.swift in Sources */,
				8ACDC0B51F21BC5E007A24A4 /* UIViewController+Utils.swift in Sources */,
				8ACDC0B31F21BC5E007A24A4 /* Theme.swift in Sources */,
				8ACDC09A1F21BC5E007A24A4 /* AccessibleMessage.swift in Sources */,
				8A23009A1F1D555800F12265 /* themes.swift in Sources */,
				8ACDC0A01F21BC5E007A24A4 /* Error.swift in Sources */,
				8ACDC0BB1F21BD9C007A24A4 /* aboutTheDevViewController.swift in Sources */,
				8ACDC0A61F21BC5E007A24A4 /* NSBundle+Utils.swift in Sources */,
				8ACDC0A51F21BC5E007A24A4 /* MessageView.swift in Sources */,
				8ABD2FE81F1F10180018DD96 /* settings+AppearanceViewController.swift in Sources */,
				8ACDC0A11F21BC5E007A24A4 /* Identifiable.swift in Sources */,
				8A706F5F1F1F163F0014CB0A /* welcomeScreenViewController.swift in Sources */,
				8ACDC0A91F21BC5E007A24A4 /* PhysicsPanHandler.swift in Sources */,
				8ACDC09E1F21BC5E007A24A4 /* BaseView.swift in Sources */,
				8ACDC0B61F21BC5E007A24A4 /* Weak.swift in Sources */,
				8ABD2FE01F1EFFFE0018DD96 /* newHabitScreenViewController.swift in Sources */,
				8A2B3B801F1D369000743DB4 /* AppDelegate.swift in Sources */,
			);
			runOnlyForDeploymentPostprocessing = 0;
		};
/* End PBXSourcesBuildPhase section */

/* Begin PBXVariantGroup section */
		8A2B3B831F1D369000743DB4 /* Main.storyboard */ = {
			isa = PBXVariantGroup;
			children = (
				8A2B3B841F1D369000743DB4 /* Base */,
			);
			name = Main.storyboard;
			sourceTree = "<group>";
		};
		8A2B3B881F1D369000743DB4 /* LaunchScreen.storyboard */ = {
			isa = PBXVariantGroup;
			children = (
				8A2B3B891F1D369000743DB4 /* Base */,
			);
			name = LaunchScreen.storyboard;
			sourceTree = "<group>";
		};
/* End PBXVariantGroup section */

/* Begin XCBuildConfiguration section */
		8A2B3B8C1F1D369000743DB4 /* Debug */ = {
			isa = XCBuildConfiguration;
			buildSettings = {
				ALWAYS_SEARCH_USER_PATHS = NO;
				CLANG_ANALYZER_NONNULL = YES;
				CLANG_ANALYZER_NUMBER_OBJECT_CONVERSION = YES_AGGRESSIVE;
				CLANG_CXX_LANGUAGE_STANDARD = "gnu++0x";
				CLANG_CXX_LIBRARY = "libc++";
				CLANG_ENABLE_MODULES = YES;
				CLANG_ENABLE_OBJC_ARC = YES;
				CLANG_WARN_BOOL_CONVERSION = YES;
				CLANG_WARN_CONSTANT_CONVERSION = YES;
				CLANG_WARN_DIRECT_OBJC_ISA_USAGE = YES_ERROR;
				CLANG_WARN_DOCUMENTATION_COMMENTS = YES;
				CLANG_WARN_EMPTY_BODY = YES;
				CLANG_WARN_ENUM_CONVERSION = YES;
				CLANG_WARN_INFINITE_RECURSION = YES;
				CLANG_WARN_INT_CONVERSION = YES;
				CLANG_WARN_OBJC_ROOT_CLASS = YES_ERROR;
				CLANG_WARN_SUSPICIOUS_MOVE = YES;
				CLANG_WARN_UNREACHABLE_CODE = YES;
				CLANG_WARN__DUPLICATE_METHOD_MATCH = YES;
				"CODE_SIGN_IDENTITY[sdk=iphoneos*]" = "iPhone Developer";
				COPY_PHASE_STRIP = NO;
				DEBUG_INFORMATION_FORMAT = dwarf;
				ENABLE_STRICT_OBJC_MSGSEND = YES;
				ENABLE_TESTABILITY = YES;
				GCC_C_LANGUAGE_STANDARD = gnu99;
				GCC_DYNAMIC_NO_PIC = NO;
				GCC_NO_COMMON_BLOCKS = YES;
				GCC_OPTIMIZATION_LEVEL = 0;
				GCC_PREPROCESSOR_DEFINITIONS = (
					"DEBUG=1",
					"$(inherited)",
				);
				GCC_WARN_64_TO_32_BIT_CONVERSION = YES;
				GCC_WARN_ABOUT_RETURN_TYPE = YES_ERROR;
				GCC_WARN_UNDECLARED_SELECTOR = YES;
				GCC_WARN_UNINITIALIZED_AUTOS = YES_AGGRESSIVE;
				GCC_WARN_UNUSED_FUNCTION = YES;
				GCC_WARN_UNUSED_VARIABLE = YES;
				IPHONEOS_DEPLOYMENT_TARGET = 10.3;
				MTL_ENABLE_DEBUG_INFO = YES;
				ONLY_ACTIVE_ARCH = YES;
				SDKROOT = iphoneos;
				SWIFT_ACTIVE_COMPILATION_CONDITIONS = DEBUG;
				SWIFT_OPTIMIZATION_LEVEL = "-Onone";
			};
			name = Debug;
		};
		8A2B3B8D1F1D369000743DB4 /* Release */ = {
			isa = XCBuildConfiguration;
			buildSettings = {
				ALWAYS_SEARCH_USER_PATHS = NO;
				CLANG_ANALYZER_NONNULL = YES;
				CLANG_ANALYZER_NUMBER_OBJECT_CONVERSION = YES_AGGRESSIVE;
				CLANG_CXX_LANGUAGE_STANDARD = "gnu++0x";
				CLANG_CXX_LIBRARY = "libc++";
				CLANG_ENABLE_MODULES = YES;
				CLANG_ENABLE_OBJC_ARC = YES;
				CLANG_WARN_BOOL_CONVERSION = YES;
				CLANG_WARN_CONSTANT_CONVERSION = YES;
				CLANG_WARN_DIRECT_OBJC_ISA_USAGE = YES_ERROR;
				CLANG_WARN_DOCUMENTATION_COMMENTS = YES;
				CLANG_WARN_EMPTY_BODY = YES;
				CLANG_WARN_ENUM_CONVERSION = YES;
				CLANG_WARN_INFINITE_RECURSION = YES;
				CLANG_WARN_INT_CONVERSION = YES;
				CLANG_WARN_OBJC_ROOT_CLASS = YES_ERROR;
				CLANG_WARN_SUSPICIOUS_MOVE = YES;
				CLANG_WARN_UNREACHABLE_CODE = YES;
				CLANG_WARN__DUPLICATE_METHOD_MATCH = YES;
				"CODE_SIGN_IDENTITY[sdk=iphoneos*]" = "iPhone Developer";
				COPY_PHASE_STRIP = NO;
				DEBUG_INFORMATION_FORMAT = "dwarf-with-dsym";
				ENABLE_NS_ASSERTIONS = NO;
				ENABLE_STRICT_OBJC_MSGSEND = YES;
				GCC_C_LANGUAGE_STANDARD = gnu99;
				GCC_NO_COMMON_BLOCKS = YES;
				GCC_WARN_64_TO_32_BIT_CONVERSION = YES;
				GCC_WARN_ABOUT_RETURN_TYPE = YES_ERROR;
				GCC_WARN_UNDECLARED_SELECTOR = YES;
				GCC_WARN_UNINITIALIZED_AUTOS = YES_AGGRESSIVE;
				GCC_WARN_UNUSED_FUNCTION = YES;
				GCC_WARN_UNUSED_VARIABLE = YES;
				IPHONEOS_DEPLOYMENT_TARGET = 10.3;
				MTL_ENABLE_DEBUG_INFO = NO;
				SDKROOT = iphoneos;
				SWIFT_OPTIMIZATION_LEVEL = "-Owholemodule";
				VALIDATE_PRODUCT = YES;
			};
			name = Release;
		};
		8A2B3B8F1F1D369000743DB4 /* Debug */ = {
			isa = XCBuildConfiguration;
			baseConfigurationReference = 97BBAD6277FA39A7447170B6 /* Pods-tryingcocoa.debug.xcconfig */;
			buildSettings = {
				ASSETCATALOG_COMPILER_APPICON_NAME = AppIcon;
				DEVELOPMENT_TEAM = "";
				INFOPLIST_FILE = tryingcocoa/Info.plist;
				LD_RUNPATH_SEARCH_PATHS = "$(inherited) @executable_path/Frameworks";
				PRODUCT_BUNDLE_IDENTIFIER = me.tryingcocoa;
				PRODUCT_NAME = "$(TARGET_NAME)";
				SWIFT_VERSION = 3.0;
			};
			name = Debug;
		};
		8A2B3B901F1D369000743DB4 /* Release */ = {
			isa = XCBuildConfiguration;
			baseConfigurationReference = FBA31F7627CF71BCB793645B /* Pods-tryingcocoa.release.xcconfig */;
			buildSettings = {
				ASSETCATALOG_COMPILER_APPICON_NAME = AppIcon;
				DEVELOPMENT_TEAM = "";
				INFOPLIST_FILE = tryingcocoa/Info.plist;
				LD_RUNPATH_SEARCH_PATHS = "$(inherited) @executable_path/Frameworks";
				PRODUCT_BUNDLE_IDENTIFIER = me.tryingcocoa;
				PRODUCT_NAME = "$(TARGET_NAME)";
				SWIFT_VERSION = 3.0;
			};
			name = Release;
		};
/* End XCBuildConfiguration section */

/* Begin XCConfigurationList section */
		8A2B3B771F1D368F00743DB4 /* Build configuration list for PBXProject "tryingcocoa" */ = {
			isa = XCConfigurationList;
			buildConfigurations = (
				8A2B3B8C1F1D369000743DB4 /* Debug */,
				8A2B3B8D1F1D369000743DB4 /* Release */,
			);
			defaultConfigurationIsVisible = 0;
			defaultConfigurationName = Release;
		};
		8A2B3B8E1F1D369000743DB4 /* Build configuration list for PBXNativeTarget "tryingcocoa" */ = {
			isa = XCConfigurationList;
			buildConfigurations = (
				8A2B3B8F1F1D369000743DB4 /* Debug */,
				8A2B3B901F1D369000743DB4 /* Release */,
			);
			defaultConfigurationIsVisible = 0;
			defaultConfigurationName = Release;
		};
/* End XCConfigurationList section */
	};
	rootObject = 8A2B3B741F1D368F00743DB4 /* Project object */;
}
